// !$*UTF8*$!
{
	archiveVersion = 1;
	classes = {
	};
	objectVersion = 55;
	objects = {

/* Begin PBXBuildFile section */
		71204A6727E6BC8D003B1972 /* BabonApp.swift in Sources */ = {isa = PBXBuildFile; fileRef = 71204A6627E6BC8D003B1972 /* BabonApp.swift */; };
		71204A6927E6BC8D003B1972 /* StartMenuView.swift in Sources */ = {isa = PBXBuildFile; fileRef = 71204A6827E6BC8D003B1972 /* StartMenuView.swift */; };
		71204A6B27E6BC95003B1972 /* Assets.xcassets in Resources */ = {isa = PBXBuildFile; fileRef = 71204A6A27E6BC95003B1972 /* Assets.xcassets */; };
		71204A6E27E6BC95003B1972 /* Preview Assets.xcassets in Resources */ = {isa = PBXBuildFile; fileRef = 71204A6D27E6BC95003B1972 /* Preview Assets.xcassets */; };
		71204A7627E6BF44003B1972 /* StartView.swift in Sources */ = {isa = PBXBuildFile; fileRef = 71204A7527E6BF44003B1972 /* StartView.swift */; };
		71204A7827E6CC1B003B1972 /* HowToPlayView.swift in Sources */ = {isa = PBXBuildFile; fileRef = 71204A7727E6CC1B003B1972 /* HowToPlayView.swift */; };
		71204A7A27E6CC42003B1972 /* MultiPlayView.swift in Sources */ = {isa = PBXBuildFile; fileRef = 71204A7927E6CC42003B1972 /* MultiPlayView.swift */; };
		71204A7C27E6D062003B1972 /* Board.swift in Sources */ = {isa = PBXBuildFile; fileRef = 71204A7B27E6D062003B1972 /* Board.swift */; };
		71204A7E27E6D06E003B1972 /* Pawn.swift in Sources */ = {isa = PBXBuildFile; fileRef = 71204A7D27E6D06E003B1972 /* Pawn.swift */; };
		71204A8027E6D0A2003B1972 /* Player.swift in Sources */ = {isa = PBXBuildFile; fileRef = 71204A7F27E6D0A2003B1972 /* Player.swift */; };
		71204A8227E6D0C3003B1972 /* PawnView.swift in Sources */ = {isa = PBXBuildFile; fileRef = 71204A8127E6D0C3003B1972 /* PawnView.swift */; };
		71204A8627E6D158003B1972 /* PlayerSide.swift in Sources */ = {isa = PBXBuildFile; fileRef = 71204A8527E6D158003B1972 /* PlayerSide.swift */; };
		71204A8827E6D82F003B1972 /* BoardView.swift in Sources */ = {isa = PBXBuildFile; fileRef = 71204A8727E6D82F003B1972 /* BoardView.swift */; };
		71204A8A27E74D9A003B1972 /* BoardCell.swift in Sources */ = {isa = PBXBuildFile; fileRef = 71204A8927E74D9A003B1972 /* BoardCell.swift */; };
		71204A8C27E74E0E003B1972 /* CellStatus.swift in Sources */ = {isa = PBXBuildFile; fileRef = 71204A8B27E74E0E003B1972 /* CellStatus.swift */; };
		71204A8E27E74F75003B1972 /* CellPosition.swift in Sources */ = {isa = PBXBuildFile; fileRef = 71204A8D27E74F74003B1972 /* CellPosition.swift */; };
		71204A9027E8A43F003B1972 /* TurnView.swift in Sources */ = {isa = PBXBuildFile; fileRef = 71204A8F27E8A43F003B1972 /* TurnView.swift */; };
		71204A9227F59E70003B1972 /* WinnerView.swift in Sources */ = {isa = PBXBuildFile; fileRef = 71204A9127F59E70003B1972 /* WinnerView.swift */; };
/* End PBXBuildFile section */

/* Begin PBXFileReference section */
		71204A6327E6BC8D003B1972 /* Babon.app */ = {isa = PBXFileReference; explicitFileType = wrapper.application; includeInIndex = 0; path = Babon.app; sourceTree = BUILT_PRODUCTS_DIR; };
		71204A6627E6BC8D003B1972 /* BabonApp.swift */ = {isa = PBXFileReference; lastKnownFileType = sourcecode.swift; path = BabonApp.swift; sourceTree = "<group>"; };
		71204A6827E6BC8D003B1972 /* StartMenuView.swift */ = {isa = PBXFileReference; lastKnownFileType = sourcecode.swift; path = StartMenuView.swift; sourceTree = "<group>"; };
		71204A6A27E6BC95003B1972 /* Assets.xcassets */ = {isa = PBXFileReference; lastKnownFileType = folder.assetcatalog; path = Assets.xcassets; sourceTree = "<group>"; };
		71204A6D27E6BC95003B1972 /* Preview Assets.xcassets */ = {isa = PBXFileReference; lastKnownFileType = folder.assetcatalog; path = "Preview Assets.xcassets"; sourceTree = "<group>"; };
		71204A7527E6BF44003B1972 /* StartView.swift */ = {isa = PBXFileReference; lastKnownFileType = sourcecode.swift; path = StartView.swift; sourceTree = "<group>"; };
		71204A7727E6CC1B003B1972 /* HowToPlayView.swift */ = {isa = PBXFileReference; lastKnownFileType = sourcecode.swift; path = HowToPlayView.swift; sourceTree = "<group>"; };
		71204A7927E6CC42003B1972 /* MultiPlayView.swift */ = {isa = PBXFileReference; lastKnownFileType = sourcecode.swift; path = MultiPlayView.swift; sourceTree = "<group>"; };
		71204A7B27E6D062003B1972 /* Board.swift */ = {isa = PBXFileReference; lastKnownFileType = sourcecode.swift; path = Board.swift; sourceTree = "<group>"; };
		71204A7D27E6D06E003B1972 /* Pawn.swift */ = {isa = PBXFileReference; lastKnownFileType = sourcecode.swift; path = Pawn.swift; sourceTree = "<group>"; };
		71204A7F27E6D0A2003B1972 /* Player.swift */ = {isa = PBXFileReference; lastKnownFileType = sourcecode.swift; path = Player.swift; sourceTree = "<group>"; };
		71204A8127E6D0C3003B1972 /* PawnView.swift */ = {isa = PBXFileReference; lastKnownFileType = sourcecode.swift; path = PawnView.swift; sourceTree = "<group>"; };
		71204A8527E6D158003B1972 /* PlayerSide.swift */ = {isa = PBXFileReference; lastKnownFileType = sourcecode.swift; path = PlayerSide.swift; sourceTree = "<group>"; };
		71204A8727E6D82F003B1972 /* BoardView.swift */ = {isa = PBXFileReference; lastKnownFileType = sourcecode.swift; path = BoardView.swift; sourceTree = "<group>"; };
		71204A8927E74D9A003B1972 /* BoardCell.swift */ = {isa = PBXFileReference; lastKnownFileType = sourcecode.swift; path = BoardCell.swift; sourceTree = "<group>"; };
		71204A8B27E74E0E003B1972 /* CellStatus.swift */ = {isa = PBXFileReference; lastKnownFileType = sourcecode.swift; path = CellStatus.swift; sourceTree = "<group>"; };
		71204A8D27E74F74003B1972 /* CellPosition.swift */ = {isa = PBXFileReference; lastKnownFileType = sourcecode.swift; path = CellPosition.swift; sourceTree = "<group>"; };
		71204A8F27E8A43F003B1972 /* TurnView.swift */ = {isa = PBXFileReference; lastKnownFileType = sourcecode.swift; path = TurnView.swift; sourceTree = "<group>"; };
		71204A9127F59E70003B1972 /* WinnerView.swift */ = {isa = PBXFileReference; lastKnownFileType = sourcecode.swift; path = WinnerView.swift; sourceTree = "<group>"; };
/* End PBXFileReference section */

/* Begin PBXFrameworksBuildPhase section */
		71204A6027E6BC8D003B1972 /* Frameworks */ = {
			isa = PBXFrameworksBuildPhase;
			buildActionMask = 2147483647;
			files = (
			);
			runOnlyForDeploymentPostprocessing = 0;
		};
/* End PBXFrameworksBuildPhase section */

/* Begin PBXGroup section */
		71204A5A27E6BC8D003B1972 = {
			isa = PBXGroup;
			children = (
				71204A6527E6BC8D003B1972 /* Babon */,
				71204A6427E6BC8D003B1972 /* Products */,
			);
			sourceTree = "<group>";
		};
		71204A6427E6BC8D003B1972 /* Products */ = {
			isa = PBXGroup;
			children = (
				71204A6327E6BC8D003B1972 /* Babon.app */,
			);
			name = Products;
			sourceTree = "<group>";
		};
		71204A6527E6BC8D003B1972 /* Babon */ = {
			isa = PBXGroup;
			children = (
				71204A7427E6BCB7003B1972 /* Model */,
				71204A6627E6BC8D003B1972 /* BabonApp.swift */,
				71204A6827E6BC8D003B1972 /* StartMenuView.swift */,
				71204A8127E6D0C3003B1972 /* PawnView.swift */,
				71204A6A27E6BC95003B1972 /* Assets.xcassets */,
				71204A6C27E6BC95003B1972 /* Preview Content */,
				71204A7527E6BF44003B1972 /* StartView.swift */,
				71204A9127F59E70003B1972 /* WinnerView.swift */,
				71204A8F27E8A43F003B1972 /* TurnView.swift */,
				71204A8727E6D82F003B1972 /* BoardView.swift */,
				71204A7727E6CC1B003B1972 /* HowToPlayView.swift */,
				71204A7927E6CC42003B1972 /* MultiPlayView.swift */,
			);
			path = Babon;
			sourceTree = "<group>";
		};
		71204A6C27E6BC95003B1972 /* Preview Content */ = {
			isa = PBXGroup;
			children = (
				71204A6D27E6BC95003B1972 /* Preview Assets.xcassets */,
			);
			path = "Preview Content";
			sourceTree = "<group>";
		};
		71204A7427E6BCB7003B1972 /* Model */ = {
			isa = PBXGroup;
			children = (
				71204A7B27E6D062003B1972 /* Board.swift */,
				71204A7D27E6D06E003B1972 /* Pawn.swift */,
				71204A7F27E6D0A2003B1972 /* Player.swift */,
				71204A8527E6D158003B1972 /* PlayerSide.swift */,
				71204A8927E74D9A003B1972 /* BoardCell.swift */,
				71204A8D27E74F74003B1972 /* CellPosition.swift */,
				71204A8B27E74E0E003B1972 /* CellStatus.swift */,
			);
			path = Model;
			sourceTree = "<group>";
		};
/* End PBXGroup section */

/* Begin PBXNativeTarget section */
		71204A6227E6BC8D003B1972 /* Babon */ = {
			isa = PBXNativeTarget;
			buildConfigurationList = 71204A7127E6BC95003B1972 /* Build configuration list for PBXNativeTarget "Babon" */;
			buildPhases = (
				71204A5F27E6BC8D003B1972 /* Sources */,
				71204A6027E6BC8D003B1972 /* Frameworks */,
				71204A6127E6BC8D003B1972 /* Resources */,
			);
			buildRules = (
			);
			dependencies = (
			);
			name = Babon;
			productName = Babon;
			productReference = 71204A6327E6BC8D003B1972 /* Babon.app */;
			productType = "com.apple.product-type.application";
		};
/* End PBXNativeTarget section */

/* Begin PBXProject section */
		71204A5B27E6BC8D003B1972 /* Project object */ = {
			isa = PBXProject;
			attributes = {
				BuildIndependentTargetsInParallel = 1;
				LastSwiftUpdateCheck = 1330;
				LastUpgradeCheck = 1330;
				TargetAttributes = {
					71204A6227E6BC8D003B1972 = {
						CreatedOnToolsVersion = 13.3;
					};
				};
			};
			buildConfigurationList = 71204A5E27E6BC8D003B1972 /* Build configuration list for PBXProject "Babon" */;
			compatibilityVersion = "Xcode 13.0";
			developmentRegion = en;
			hasScannedForEncodings = 0;
			knownRegions = (
				en,
				Base,
			);
			mainGroup = 71204A5A27E6BC8D003B1972;
			productRefGroup = 71204A6427E6BC8D003B1972 /* Products */;
			projectDirPath = "";
			projectRoot = "";
			targets = (
				71204A6227E6BC8D003B1972 /* Babon */,
			);
		};
/* End PBXProject section */

/* Begin PBXResourcesBuildPhase section */
		71204A6127E6BC8D003B1972 /* Resources */ = {
			isa = PBXResourcesBuildPhase;
			buildActionMask = 2147483647;
			files = (
				71204A6E27E6BC95003B1972 /* Preview Assets.xcassets in Resources */,
				71204A6B27E6BC95003B1972 /* Assets.xcassets in Resources */,
			);
			runOnlyForDeploymentPostprocessing = 0;
		};
/* End PBXResourcesBuildPhase section */

/* Begin PBXSourcesBuildPhase section */
		71204A5F27E6BC8D003B1972 /* Sources */ = {
			isa = PBXSourcesBuildPhase;
			buildActionMask = 2147483647;
			files = (
				71204A8827E6D82F003B1972 /* BoardView.swift in Sources */,
				71204A7A27E6CC42003B1972 /* MultiPlayView.swift in Sources */,
				71204A7E27E6D06E003B1972 /* Pawn.swift in Sources */,
				71204A8227E6D0C3003B1972 /* PawnView.swift in Sources */,
				71204A7827E6CC1B003B1972 /* HowToPlayView.swift in Sources */,
				71204A7C27E6D062003B1972 /* Board.swift in Sources */,
				71204A8027E6D0A2003B1972 /* Player.swift in Sources */,
				71204A8C27E74E0E003B1972 /* CellStatus.swift in Sources */,
				71204A7627E6BF44003B1972 /* StartView.swift in Sources */,
				71204A9227F59E70003B1972 /* WinnerView.swift in Sources */,
				71204A9027E8A43F003B1972 /* TurnView.swift in Sources */,
				71204A6927E6BC8D003B1972 /* StartMenuView.swift in Sources */,
				71204A6727E6BC8D003B1972 /* BabonApp.swift in Sources */,
				71204A8A27E74D9A003B1972 /* BoardCell.swift in Sources */,
				71204A8E27E74F75003B1972 /* CellPosition.swift in Sources */,
				71204A8627E6D158003B1972 /* PlayerSide.swift in Sources */,
			);
			runOnlyForDeploymentPostprocessing = 0;
		};
/* End PBXSourcesBuildPhase section */

/* Begin XCBuildConfiguration section */
		71204A6F27E6BC95003B1972 /* Debug */ = {
			isa = XCBuildConfiguration;
			buildSettings = {
				ALWAYS_SEARCH_USER_PATHS = NO;
				CLANG_ANALYZER_NONNULL = YES;
				CLANG_ANALYZER_NUMBER_OBJECT_CONVERSION = YES_AGGRESSIVE;
				CLANG_CXX_LANGUAGE_STANDARD = "gnu++17";
				CLANG_ENABLE_MODULES = YES;
				CLANG_ENABLE_OBJC_ARC = YES;
				CLANG_ENABLE_OBJC_WEAK = YES;
				CLANG_WARN_BLOCK_CAPTURE_AUTORELEASING = YES;
				CLANG_WARN_BOOL_CONVERSION = YES;
				CLANG_WARN_COMMA = YES;
				CLANG_WARN_CONSTANT_CONVERSION = YES;
				CLANG_WARN_DEPRECATED_OBJC_IMPLEMENTATIONS = YES;
				CLANG_WARN_DIRECT_OBJC_ISA_USAGE = YES_ERROR;
				CLANG_WARN_DOCUMENTATION_COMMENTS = YES;
				CLANG_WARN_EMPTY_BODY = YES;
				CLANG_WARN_ENUM_CONVERSION = YES;
				CLANG_WARN_INFINITE_RECURSION = YES;
				CLANG_WARN_INT_CONVERSION = YES;
				CLANG_WARN_NON_LITERAL_NULL_CONVERSION = YES;
				CLANG_WARN_OBJC_IMPLICIT_RETAIN_SELF = YES;
				CLANG_WARN_OBJC_LITERAL_CONVERSION = YES;
				CLANG_WARN_OBJC_ROOT_CLASS = YES_ERROR;
				CLANG_WARN_QUOTED_INCLUDE_IN_FRAMEWORK_HEADER = YES;
				CLANG_WARN_RANGE_LOOP_ANALYSIS = YES;
				CLANG_WARN_STRICT_PROTOTYPES = YES;
				CLANG_WARN_SUSPICIOUS_MOVE = YES;
				CLANG_WARN_UNGUARDED_AVAILABILITY = YES_AGGRESSIVE;
				CLANG_WARN_UNREACHABLE_CODE = YES;
				CLANG_WARN__DUPLICATE_METHOD_MATCH = YES;
				COPY_PHASE_STRIP = NO;
				DEBUG_INFORMATION_FORMAT = dwarf;
				ENABLE_STRICT_OBJC_MSGSEND = YES;
				ENABLE_TESTABILITY = YES;
				GCC_C_LANGUAGE_STANDARD = gnu11;
				GCC_DYNAMIC_NO_PIC = NO;
				GCC_NO_COMMON_BLOCKS = YES;
				GCC_OPTIMIZATION_LEVEL = 0;
				GCC_PREPROCESSOR_DEFINITIONS = (
					"DEBUG=1",
					"$(inherited)",
				);
				GCC_WARN_64_TO_32_BIT_CONVERSION = YES;
				GCC_WARN_ABOUT_RETURN_TYPE = YES_ERROR;
				GCC_WARN_UNDECLARED_SELECTOR = YES;
				GCC_WARN_UNINITIALIZED_AUTOS = YES_AGGRESSIVE;
				GCC_WARN_UNUSED_FUNCTION = YES;
				GCC_WARN_UNUSED_VARIABLE = YES;
				IPHONEOS_DEPLOYMENT_TARGET = 15.4;
				MTL_ENABLE_DEBUG_INFO = INCLUDE_SOURCE;
				MTL_FAST_MATH = YES;
				ONLY_ACTIVE_ARCH = YES;
				SDKROOT = iphoneos;
				SWIFT_ACTIVE_COMPILATION_CONDITIONS = DEBUG;
				SWIFT_OPTIMIZATION_LEVEL = "-Onone";
			};
			name = Debug;
		};
		71204A7027E6BC95003B1972 /* Release */ = {
			isa = XCBuildConfiguration;
			buildSettings = {
				ALWAYS_SEARCH_USER_PATHS = NO;
				CLANG_ANALYZER_NONNULL = YES;
				CLANG_ANALYZER_NUMBER_OBJECT_CONVERSION = YES_AGGRESSIVE;
				CLANG_CXX_LANGUAGE_STANDARD = "gnu++17";
				CLANG_ENABLE_MODULES = YES;
				CLANG_ENABLE_OBJC_ARC = YES;
				CLANG_ENABLE_OBJC_WEAK = YES;
				CLANG_WARN_BLOCK_CAPTURE_AUTORELEASING = YES;
				CLANG_WARN_BOOL_CONVERSION = YES;
				CLANG_WARN_COMMA = YES;
				CLANG_WARN_CONSTANT_CONVERSION = YES;
				CLANG_WARN_DEPRECATED_OBJC_IMPLEMENTATIONS = YES;
				CLANG_WARN_DIRECT_OBJC_ISA_USAGE = YES_ERROR;
				CLANG_WARN_DOCUMENTATION_COMMENTS = YES;
				CLANG_WARN_EMPTY_BODY = YES;
				CLANG_WARN_ENUM_CONVERSION = YES;
				CLANG_WARN_INFINITE_RECURSION = YES;
				CLANG_WARN_INT_CONVERSION = YES;
				CLANG_WARN_NON_LITERAL_NULL_CONVERSION = YES;
				CLANG_WARN_OBJC_IMPLICIT_RETAIN_SELF = YES;
				CLANG_WARN_OBJC_LITERAL_CONVERSION = YES;
				CLANG_WARN_OBJC_ROOT_CLASS = YES_ERROR;
				CLANG_WARN_QUOTED_INCLUDE_IN_FRAMEWORK_HEADER = YES;
				CLANG_WARN_RANGE_LOOP_ANALYSIS = YES;
				CLANG_WARN_STRICT_PROTOTYPES = YES;
				CLANG_WARN_SUSPICIOUS_MOVE = YES;
				CLANG_WARN_UNGUARDED_AVAILABILITY = YES_AGGRESSIVE;
				CLANG_WARN_UNREACHABLE_CODE = YES;
				CLANG_WARN__DUPLICATE_METHOD_MATCH = YES;
				COPY_PHASE_STRIP = NO;
				DEBUG_INFORMATION_FORMAT = "dwarf-with-dsym";
				ENABLE_NS_ASSERTIONS = NO;
				ENABLE_STRICT_OBJC_MSGSEND = YES;
				GCC_C_LANGUAGE_STANDARD = gnu11;
				GCC_NO_COMMON_BLOCKS = YES;
				GCC_WARN_64_TO_32_BIT_CONVERSION = YES;
				GCC_WARN_ABOUT_RETURN_TYPE = YES_ERROR;
				GCC_WARN_UNDECLARED_SELECTOR = YES;
				GCC_WARN_UNINITIALIZED_AUTOS = YES_AGGRESSIVE;
				GCC_WARN_UNUSED_FUNCTION = YES;
				GCC_WARN_UNUSED_VARIABLE = YES;
				IPHONEOS_DEPLOYMENT_TARGET = 15.4;
				MTL_ENABLE_DEBUG_INFO = NO;
				MTL_FAST_MATH = YES;
				SDKROOT = iphoneos;
				SWIFT_COMPILATION_MODE = wholemodule;
				SWIFT_OPTIMIZATION_LEVEL = "-O";
				VALIDATE_PRODUCT = YES;
			};
			name = Release;
		};
		71204A7227E6BC95003B1972 /* Debug */ = {
			isa = XCBuildConfiguration;
			buildSettings = {
				ASSETCATALOG_COMPILER_APPICON_NAME = AppIcon;
				ASSETCATALOG_COMPILER_GLOBAL_ACCENT_COLOR_NAME = AccentColor;
				CODE_SIGN_STYLE = Automatic;
				CURRENT_PROJECT_VERSION = 1;
				DEVELOPMENT_ASSET_PATHS = "\"Babon/Preview Content\"";
				DEVELOPMENT_TEAM = DVMRTD98WW;
				ENABLE_PREVIEWS = YES;
				GENERATE_INFOPLIST_FILE = YES;
				INFOPLIST_KEY_UIApplicationSceneManifest_Generation = YES;
				INFOPLIST_KEY_UIApplicationSupportsIndirectInputEvents = YES;
				INFOPLIST_KEY_UILaunchScreen_Generation = YES;
				INFOPLIST_KEY_UISupportedInterfaceOrientations_iPad = "UIInterfaceOrientationPortrait UIInterfaceOrientationPortraitUpsideDown UIInterfaceOrientationLandscapeLeft UIInterfaceOrientationLandscapeRight";
				INFOPLIST_KEY_UISupportedInterfaceOrientations_iPhone = "UIInterfaceOrientationPortrait UIInterfaceOrientationLandscapeLeft UIInterfaceOrientationLandscapeRight";
				LD_RUNPATH_SEARCH_PATHS = (
					"$(inherited)",
					"@executable_path/Frameworks",
				);
				MARKETING_VERSION = 1.0;
				PRODUCT_BUNDLE_IDENTIFIER = shuhei.Babon;
				PRODUCT_NAME = "$(TARGET_NAME)";
				SWIFT_EMIT_LOC_STRINGS = YES;
				SWIFT_VERSION = 5.0;
				TARGETED_DEVICE_FAMILY = "1,2";
			};
			name = Debug;
		};
		71204A7327E6BC95003B1972 /* Release */ = {
			isa = XCBuildConfiguration;
			buildSettings = {
				ASSETCATALOG_COMPILER_APPICON_NAME = AppIcon;
				ASSETCATALOG_COMPILER_GLOBAL_ACCENT_COLOR_NAME = AccentColor;
				CODE_SIGN_STYLE = Automatic;
				CURRENT_PROJECT_VERSION = 1;
				DEVELOPMENT_ASSET_PATHS = "\"Babon/Preview Content\"";
				DEVELOPMENT_TEAM = DVMRTD98WW;
				ENABLE_PREVIEWS = YES;
				GENERATE_INFOPLIST_FILE = YES;
				INFOPLIST_KEY_UIApplicationSceneManifest_Generation = YES;
				INFOPLIST_KEY_UIApplicationSupportsIndirectInputEvents = YES;
				INFOPLIST_KEY_UILaunchScreen_Generation = YES;
				INFOPLIST_KEY_UISupportedInterfaceOrientations_iPad = "UIInterfaceOrientationPortrait UIInterfaceOrientationPortraitUpsideDown UIInterfaceOrientationLandscapeLeft UIInterfaceOrientationLandscapeRight";
				INFOPLIST_KEY_UISupportedInterfaceOrientations_iPhone = "UIInterfaceOrientationPortrait UIInterfaceOrientationLandscapeLeft UIInterfaceOrientationLandscapeRight";
				LD_RUNPATH_SEARCH_PATHS = (
					"$(inherited)",
					"@executable_path/Frameworks",
				);
				MARKETING_VERSION = 1.0;
				PRODUCT_BUNDLE_IDENTIFIER = shuhei.Babon;
				PRODUCT_NAME = "$(TARGET_NAME)";
				SWIFT_EMIT_LOC_STRINGS = YES;
				SWIFT_VERSION = 5.0;
				TARGETED_DEVICE_FAMILY = "1,2";
			};
			name = Release;
		};
/* End XCBuildConfiguration section */

/* Begin XCConfigurationList section */
		71204A5E27E6BC8D003B1972 /* Build configuration list for PBXProject "Babon" */ = {
			isa = XCConfigurationList;
			buildConfigurations = (
				71204A6F27E6BC95003B1972 /* Debug */,
				71204A7027E6BC95003B1972 /* Release */,
			);
			defaultConfigurationIsVisible = 0;
			defaultConfigurationName = Release;
		};
		71204A7127E6BC95003B1972 /* Build configuration list for PBXNativeTarget "Babon" */ = {
			isa = XCConfigurationList;
			buildConfigurations = (
				71204A7227E6BC95003B1972 /* Debug */,
				71204A7327E6BC95003B1972 /* Release */,
			);
			defaultConfigurationIsVisible = 0;
			defaultConfigurationName = Release;
		};
/* End XCConfigurationList section */
	};
	rootObject = 71204A5B27E6BC8D003B1972 /* Project object */;
}
